Microsoft Visual Studio Solution File, Format Version 12.00
# Visual Studio Version 17
VisualStudioVersion = 17.5.2.0
MinimumVisualStudioVersion = 10.0.40219.1
Project("{FAE04EC0-301F-11D3-BF4B-00C04F79EFBC}") = "EDSM.NET", "EDSM.NET.csproj", "{5D7488E8-49CB-53AB-00BD-9C62BC3BDE48}"
EndProject
Global
	GlobalSection(SolutionConfigurationPlatforms) = preSolution
		Debug|Any CPU = Debug|Any CPU
		Release|Any CPU = Release|Any CPU
	EndGlobalSection
	GlobalSection(ProjectConfigurationPlatforms) = postSolution
		{5D7488E8-49CB-53AB-00BD-9C62BC3BDE48}.Debug|Any CPU.ActiveCfg = Debug|Any CPU
		{5D7488E8-49CB-53AB-00BD-9C62BC3BDE48}.Debug|Any CPU.Build.0 = Debug|Any CPU
		{5D7488E8-49CB-53AB-00BD-9C62BC3BDE48}.Release|Any CPU.ActiveCfg = Release|Any CPU
		{5D7488E8-49CB-53AB-00BD-9C62BC3BDE48}.Release|Any CPU.Build.0 = Release|Any CPU
	EndGlobalSection
	GlobalSection(SolutionProperties) = preSolution
		HideSolutionNode = FALSE
	EndGlobalSection
	GlobalSection(ExtensibilityGlobals) = postSolution
		SolutionGuid = {138745C8-4EB8-4A8C-96F7-22B64661A6E1}
	EndGlobalSection
EndGlobal
